
Microsoft Visual Studio Solution File, Format Version 12.00
# Visual Studio Version 17
VisualStudioVersion = 17.1.32228.430
MinimumVisualStudioVersion = 10.0.40219.1
Project("{9A19103F-16F7-4668-BE54-9A1E7A4F7556}") = "Task1", "Task1\Task1.csproj", "{0CBE2A97-34F4-4B2F-AF84-F0C43F49DA82}"
EndProject
Project("{9A19103F-16F7-4668-BE54-9A1E7A4F7556}") = "Task2", "Task2\Task2.csproj", "{56BC382F-4FB3-4E65-A800-5955306AD947}"
EndProject
Project("{9A19103F-16F7-4668-BE54-9A1E7A4F7556}") = "Task3", "Task3\Task3.csproj", "{0496599A-EF22-44B5-A917-6177EFA49A93}"
EndProject
Project("{9A19103F-16F7-4668-BE54-9A1E7A4F7556}") = "Task4", "Task4\Task4.csproj", "{B25A50B8-DC16-4BB0-8F7B-04AF5B412010}"
EndProject
Project("{9A19103F-16F7-4668-BE54-9A1E7A4F7556}") = "Task5", "Task5\Task5.csproj", "{E682AB8E-798F-4DD4-9546-E7D17847C9DD}"
EndProject
Project("{9A19103F-16F7-4668-BE54-9A1E7A4F7556}") = "Task6", "Task6\Task6.csproj", "{A28A01C1-9D2B-4544-AA01-0D018BEB2D38}"
EndProject
Project("{9A19103F-16F7-4668-BE54-9A1E7A4F7556}") = "Task7", "Task7\Task7.csproj", "{D1900CC9-8692-426E-8F0F-D261DC4E5AB9}"
EndProject
Project("{9A19103F-16F7-4668-BE54-9A1E7A4F7556}") = "Task8", "Task8\Task8.csproj", "{336278B1-0927-4089-9125-375C943491C6}"
EndProject
Project("{9A19103F-16F7-4668-BE54-9A1E7A4F7556}") = "Task9", "Task9\Task9.csproj", "{E74EF0AC-A2B7-42AB-9285-DAE4A2323445}"
EndProject
Project("{9A19103F-16F7-4668-BE54-9A1E7A4F7556}") = "Task10", "Task10\Task10.csproj", "{608BD36C-845C-4D9F-AB81-89B91FB01477}"
EndProject
Project("{9A19103F-16F7-4668-BE54-9A1E7A4F7556}") = "Task11", "Task11\Task11.csproj", "{EB981B88-825F-4A3F-95DD-08EFD24CD2A7}"
EndProject
Project("{9A19103F-16F7-4668-BE54-9A1E7A4F7556}") = "Task12", "Task12\Task12.csproj", "{8F4774D0-D0B7-4B2F-9E17-C5FF1ED54FC8}"
EndProject
Project("{9A19103F-16F7-4668-BE54-9A1E7A4F7556}") = "Task13", "Task13\Task13.csproj", "{381A3806-1647-4491-9BE9-43AE2E2D91F1}"
EndProject
Project("{9A19103F-16F7-4668-BE54-9A1E7A4F7556}") = "Task14", "Task14\Task14.csproj", "{C63AFEA2-4D74-4BAD-9995-FA3F5B2DCEB4}"
EndProject
Project("{FAE04EC0-301F-11D3-BF4B-00C04F79EFBC}") = "Task15", "Task15\Task15.csproj", "{D58A604D-FA11-496A-9BB4-918F67BDE0C4}"
EndProject
Global
	GlobalSection(SolutionConfigurationPlatforms) = preSolution
		Debug|Any CPU = Debug|Any CPU
		Release|Any CPU = Release|Any CPU
	EndGlobalSection
	GlobalSection(ProjectConfigurationPlatforms) = postSolution
		{0CBE2A97-34F4-4B2F-AF84-F0C43F49DA82}.Debug|Any CPU.ActiveCfg = Debug|Any CPU
		{0CBE2A97-34F4-4B2F-AF84-F0C43F49DA82}.Debug|Any CPU.Build.0 = Debug|Any CPU
		{0CBE2A97-34F4-4B2F-AF84-F0C43F49DA82}.Release|Any CPU.ActiveCfg = Release|Any CPU
		{0CBE2A97-34F4-4B2F-AF84-F0C43F49DA82}.Release|Any CPU.Build.0 = Release|Any CPU
		{56BC382F-4FB3-4E65-A800-5955306AD947}.Debug|Any CPU.ActiveCfg = Debug|Any CPU
		{56BC382F-4FB3-4E65-A800-5955306AD947}.Debug|Any CPU.Build.0 = Debug|Any CPU
		{56BC382F-4FB3-4E65-A800-5955306AD947}.Release|Any CPU.ActiveCfg = Release|Any CPU
		{56BC382F-4FB3-4E65-A800-5955306AD947}.Release|Any CPU.Build.0 = Release|Any CPU
		{0496599A-EF22-44B5-A917-6177EFA49A93}.Debug|Any CPU.ActiveCfg = Debug|Any CPU
		{0496599A-EF22-44B5-A917-6177EFA49A93}.Debug|Any CPU.Build.0 = Debug|Any CPU
		{0496599A-EF22-44B5-A917-6177EFA49A93}.Release|Any CPU.ActiveCfg = Release|Any CPU
		{0496599A-EF22-44B5-A917-6177EFA49A93}.Release|Any CPU.Build.0 = Release|Any CPU
		{B25A50B8-DC16-4BB0-8F7B-04AF5B412010}.Debug|Any CPU.ActiveCfg = Debug|Any CPU
		{B25A50B8-DC16-4BB0-8F7B-04AF5B412010}.Debug|Any CPU.Build.0 = Debug|Any CPU
		{B25A50B8-DC16-4BB0-8F7B-04AF5B412010}.Release|Any CPU.ActiveCfg = Release|Any CPU
		{B25A50B8-DC16-4BB0-8F7B-04AF5B412010}.Release|Any CPU.Build.0 = Release|Any CPU
		{E682AB8E-798F-4DD4-9546-E7D17847C9DD}.Debug|Any CPU.ActiveCfg = Debug|Any CPU
		{E682AB8E-798F-4DD4-9546-E7D17847C9DD}.Debug|Any CPU.Build.0 = Debug|Any CPU
		{E682AB8E-798F-4DD4-9546-E7D17847C9DD}.Release|Any CPU.ActiveCfg = Release|Any CPU
		{E682AB8E-798F-4DD4-9546-E7D17847C9DD}.Release|Any CPU.Build.0 = Release|Any CPU
		{A28A01C1-9D2B-4544-AA01-0D018BEB2D38}.Debug|Any CPU.ActiveCfg = Debug|Any CPU
		{A28A01C1-9D2B-4544-AA01-0D018BEB2D38}.Debug|Any CPU.Build.0 = Debug|Any CPU
		{A28A01C1-9D2B-4544-AA01-0D018BEB2D38}.Release|Any CPU.ActiveCfg = Release|Any CPU
		{A28A01C1-9D2B-4544-AA01-0D018BEB2D38}.Release|Any CPU.Build.0 = Release|Any CPU
		{D1900CC9-8692-426E-8F0F-D261DC4E5AB9}.Debug|Any CPU.ActiveCfg = Debug|Any CPU
		{D1900CC9-8692-426E-8F0F-D261DC4E5AB9}.Debug|Any CPU.Build.0 = Debug|Any CPU
		{D1900CC9-8692-426E-8F0F-D261DC4E5AB9}.Release|Any CPU.ActiveCfg = Release|Any CPU
		{D1900CC9-8692-426E-8F0F-D261DC4E5AB9}.Release|Any CPU.Build.0 = Release|Any CPU
		{336278B1-0927-4089-9125-375C943491C6}.Debug|Any CPU.ActiveCfg = Debug|Any CPU
		{336278B1-0927-4089-9125-375C943491C6}.Debug|Any CPU.Build.0 = Debug|Any CPU
		{336278B1-0927-4089-9125-375C943491C6}.Release|Any CPU.ActiveCfg = Release|Any CPU
		{336278B1-0927-4089-9125-375C943491C6}.Release|Any CPU.Build.0 = Release|Any CPU
		{E74EF0AC-A2B7-42AB-9285-DAE4A2323445}.Debug|Any CPU.ActiveCfg = Debug|Any CPU
		{E74EF0AC-A2B7-42AB-9285-DAE4A2323445}.Debug|Any CPU.Build.0 = Debug|Any CPU
		{E74EF0AC-A2B7-42AB-9285-DAE4A2323445}.Release|Any CPU.ActiveCfg = Release|Any CPU
		{E74EF0AC-A2B7-42AB-9285-DAE4A2323445}.Release|Any CPU.Build.0 = Release|Any CPU
		{608BD36C-845C-4D9F-AB81-89B91FB01477}.Debug|Any CPU.ActiveCfg = Debug|Any CPU
		{608BD36C-845C-4D9F-AB81-89B91FB01477}.Debug|Any CPU.Build.0 = Debug|Any CPU
		{608BD36C-845C-4D9F-AB81-89B91FB01477}.Release|Any CPU.ActiveCfg = Release|Any CPU
		{608BD36C-845C-4D9F-AB81-89B91FB01477}.Release|Any CPU.Build.0 = Release|Any CPU
		{EB981B88-825F-4A3F-95DD-08EFD24CD2A7}.Debug|Any CPU.ActiveCfg = Debug|Any CPU
		{EB981B88-825F-4A3F-95DD-08EFD24CD2A7}.Debug|Any CPU.Build.0 = Debug|Any CPU
		{EB981B88-825F-4A3F-95DD-08EFD24CD2A7}.Release|Any CPU.ActiveCfg = Release|Any CPU
		{EB981B88-825F-4A3F-95DD-08EFD24CD2A7}.Release|Any CPU.Build.0 = Release|Any CPU
		{8F4774D0-D0B7-4B2F-9E17-C5FF1ED54FC8}.Debug|Any CPU.ActiveCfg = Debug|Any CPU
		{8F4774D0-D0B7-4B2F-9E17-C5FF1ED54FC8}.Debug|Any CPU.Build.0 = Debug|Any CPU
		{8F4774D0-D0B7-4B2F-9E17-C5FF1ED54FC8}.Release|Any CPU.ActiveCfg = Release|Any CPU
		{8F4774D0-D0B7-4B2F-9E17-C5FF1ED54FC8}.Release|Any CPU.Build.0 = Release|Any CPU
		{381A3806-1647-4491-9BE9-43AE2E2D91F1}.Debug|Any CPU.ActiveCfg = Debug|Any CPU
		{381A3806-1647-4491-9BE9-43AE2E2D91F1}.Debug|Any CPU.Build.0 = Debug|Any CPU
		{381A3806-1647-4491-9BE9-43AE2E2D91F1}.Release|Any CPU.ActiveCfg = Release|Any CPU
		{381A3806-1647-4491-9BE9-43AE2E2D91F1}.Release|Any CPU.Build.0 = Release|Any CPU
		{C63AFEA2-4D74-4BAD-9995-FA3F5B2DCEB4}.Debug|Any CPU.ActiveCfg = Debug|Any CPU
		{C63AFEA2-4D74-4BAD-9995-FA3F5B2DCEB4}.Debug|Any CPU.Build.0 = Debug|Any CPU
		{C63AFEA2-4D74-4BAD-9995-FA3F5B2DCEB4}.Release|Any CPU.ActiveCfg = Release|Any CPU
		{C63AFEA2-4D74-4BAD-9995-FA3F5B2DCEB4}.Release|Any CPU.Build.0 = Release|Any CPU
		{D58A604D-FA11-496A-9BB4-918F67BDE0C4}.Debug|Any CPU.ActiveCfg = Debug|Any CPU
		{D58A604D-FA11-496A-9BB4-918F67BDE0C4}.Debug|Any CPU.Build.0 = Debug|Any CPU
		{D58A604D-FA11-496A-9BB4-918F67BDE0C4}.Release|Any CPU.ActiveCfg = Release|Any CPU
		{D58A604D-FA11-496A-9BB4-918F67BDE0C4}.Release|Any CPU.Build.0 = Release|Any CPU
	EndGlobalSection
	GlobalSection(SolutionProperties) = preSolution
		HideSolutionNode = FALSE
	EndGlobalSection
	GlobalSection(ExtensibilityGlobals) = postSolution
		SolutionGuid = {3EB488B4-F2D4-4AC9-ACFC-F6EB5A4F59C2}
	EndGlobalSection
EndGlobal
